// !$*UTF8*$!
{
	archiveVersion = 1;
	classes = {
	};
	objectVersion = 46;
	objects = {

/* Begin PBXBuildFile section */
		518A01961ACC24E800C6ED4B /* main.cpp in Sources */ = {isa = PBXBuildFile; fileRef = 518A01951ACC24E800C6ED4B /* main.cpp */; };
/* End PBXBuildFile section */

/* Begin PBXCopyFilesBuildPhase section */
		518A01901ACC24E800C6ED4B /* CopyFiles */ = {
			isa = PBXCopyFilesBuildPhase;
			buildActionMask = 2147483647;
			dstPath = /usr/share/man/man1/;
			dstSubfolderSpec = 0;
			files = (
			);
			runOnlyForDeploymentPostprocessing = 1;
		};
/* End PBXCopyFilesBuildPhase section */

/* Begin PBXFileReference section */
		518A01921ACC24E800C6ED4B /* UIButton的模拟 */ = {isa = PBXFileReference; explicitFileType = "compiled.mach-o.executable"; includeInIndex = 0; path = "UIButton的模拟"; sourceTree = BUILT_PRODUCTS_DIR; };
		518A01951ACC24E800C6ED4B /* main.cpp */ = {isa = PBXFileReference; lastKnownFileType = sourcecode.cpp.cpp; path = main.cpp; sourceTree = "<group>"; };
/* End PBXFileReference section */

/* Begin PBXFrameworksBuildPhase section */
		518A018F1ACC24E800C6ED4B /* Frameworks */ = {
			isa = PBXFrameworksBuildPhase;
			buildActionMask = 2147483647;
			files = (
			);
			runOnlyForDeploymentPostprocessing = 0;
		};
/* End PBXFrameworksBuildPhase section */

/* Begin PBXGroup section */
		518A01891ACC24E800C6ED4B = {
			isa = PBXGroup;
			children = (
				518A01941ACC24E800C6ED4B /* UIButton的模拟 */,
				518A01931ACC24E800C6ED4B /* Products */,
			);
			sourceTree = "<group>";
		};
		518A01931ACC24E800C6ED4B /* Products */ = {
			isa = PBXGroup;
			children = (
				518A01921ACC24E800C6ED4B /* UIButton的模拟 */,
			);
			name = Products;
			sourceTree = "<group>";
		};
		518A01941ACC24E800C6ED4B /* UIButton的模拟 */ = {
			isa = PBXGroup;
			children = (
				518A01951ACC24E800C6ED4B /* main.cpp */,
			);
			path = "UIButton的模拟";
			sourceTree = "<group>";
		};
/* End PBXGroup section */

/* Begin PBXNativeTarget section */
		518A01911ACC24E800C6ED4B /* UIButton的模拟 */ = {
			isa = PBXNativeTarget;
			buildConfigurationList = 518A019B1ACC24E800C6ED4B /* Build configuration list for PBXNativeTarget "UIButton的模拟" */;
			buildPhases = (
				518A018E1ACC24E800C6ED4B /* Sources */,
				518A018F1ACC24E800C6ED4B /* Frameworks */,
				518A01901ACC24E800C6ED4B /* CopyFiles */,
			);
			buildRules = (
			);
			dependencies = (
			);
			name = "UIButton的模拟";
			productName = "UIButton的模拟";
			productReference = 518A01921ACC24E800C6ED4B /* UIButton的模拟 */;
			productType = "com.apple.product-type.tool";
		};
/* End PBXNativeTarget section */

/* Begin PBXProject section */
		518A018A1ACC24E800C6ED4B /* Project object */ = {
			isa = PBXProject;
			attributes = {
				LastUpgradeCheck = 0510;
				ORGANIZATIONNAME = "C++";
			};
			buildConfigurationList = 518A018D1ACC24E800C6ED4B /* Build configuration list for PBXProject "UIButton的模拟" */;
			compatibilityVersion = "Xcode 3.2";
			developmentRegion = English;
			hasScannedForEncodings = 0;
			knownRegions = (
				en,
			);
			mainGroup = 518A01891ACC24E800C6ED4B;
			productRefGroup = 518A01931ACC24E800C6ED4B /* Products */;
			projectDirPath = "";
			projectRoot = "";
			targets = (
				518A01911ACC24E800C6ED4B /* UIButton的模拟 */,
			);
		};
/* End PBXProject section */

/* Begin PBXSourcesBuildPhase section */
		518A018E1ACC24E800C6ED4B /* Sources */ = {
			isa = PBXSourcesBuildPhase;
			buildActionMask = 2147483647;
			files = (
				518A01961ACC24E800C6ED4B /* main.cpp in Sources */,
			);
			runOnlyForDeploymentPostprocessing = 0;
		};
/* End PBXSourcesBuildPhase section */

/* Begin XCBuildConfiguration section */
		518A01991ACC24E800C6ED4B /* Debug */ = {
			isa = XCBuildConfiguration;
			buildSettings = {
				ALWAYS_SEARCH_USER_PATHS = NO;
				CLANG_CXX_LANGUAGE_STANDARD = "gnu++0x";
				CLANG_CXX_LIBRARY = "libc++";
				CLANG_ENABLE_MODULES = YES;
				CLANG_ENABLE_OBJC_ARC = YES;
				CLANG_WARN_BOOL_CONVERSION = YES;
				CLANG_WARN_CONSTANT_CONVERSION = YES;
				CLANG_WARN_DIRECT_OBJC_ISA_USAGE = YES_ERROR;
				CLANG_WARN_EMPTY_BODY = YES;
				CLANG_WARN_ENUM_CONVERSION = YES;
				CLANG_WARN_INT_CONVERSION = YES;
				CLANG_WARN_OBJC_ROOT_CLASS = YES_ERROR;
				CLANG_WARN__DUPLICATE_METHOD_MATCH = YES;
				COPY_PHASE_STRIP = NO;
				GCC_C_LANGUAGE_STANDARD = gnu99;
				GCC_DYNAMIC_NO_PIC = NO;
				GCC_ENABLE_OBJC_EXCEPTIONS = YES;
				GCC_OPTIMIZATION_LEVEL = 0;
				GCC_PREPROCESSOR_DEFINITIONS = (
					"DEBUG=1",
					"$(inherited)",
				);
				GCC_SYMBOLS_PRIVATE_EXTERN = NO;
				GCC_WARN_64_TO_32_BIT_CONVERSION = YES;
				GCC_WARN_ABOUT_RETURN_TYPE = YES_ERROR;
				GCC_WARN_UNDECLARED_SELECTOR = YES;
				GCC_WARN_UNINITIALIZED_AUTOS = YES_AGGRESSIVE;
				GCC_WARN_UNUSED_FUNCTION = YES;
				GCC_WARN_UNUSED_VARIABLE = YES;
				MACOSX_DEPLOYMENT_TARGET = 10.10;
				ONLY_ACTIVE_ARCH = YES;
				SDKROOT = macosx;
			};
			name = Debug;
		};
		518A019A1ACC24E800C6ED4B /* Release */ = {
			isa = XCBuildConfiguration;
			buildSettings = {
				ALWAYS_SEARCH_USER_PATHS = NO;
				CLANG_CXX_LANGUAGE_STANDARD = "gnu++0x";
				CLANG_CXX_LIBRARY = "libc++";
				CLANG_ENABLE_MODULES = YES;
				CLANG_ENABLE_OBJC_ARC = YES;
				CLANG_WARN_BOOL_CONVERSION = YES;
				CLANG_WARN_CONSTANT_CONVERSION = YES;
				CLANG_WARN_DIRECT_OBJC_ISA_USAGE = YES_ERROR;
				CLANG_WARN_EMPTY_BODY = YES;
				CLANG_WARN_ENUM_CONVERSION = YES;
				CLANG_WARN_INT_CONVERSION = YES;
				CLANG_WARN_OBJC_ROOT_CLASS = YES_ERROR;
				CLANG_WARN__DUPLICATE_METHOD_MATCH = YES;
				COPY_PHASE_STRIP = YES;
				DEBUG_INFORMATION_FORMAT = "dwarf-with-dsym";
				ENABLE_NS_ASSERTIONS = NO;
				GCC_C_LANGUAGE_STANDARD = gnu99;
				GCC_ENABLE_OBJC_EXCEPTIONS = YES;
				GCC_WARN_64_TO_32_BIT_CONVERSION = YES;
				GCC_WARN_ABOUT_RETURN_TYPE = YES_ERROR;
				GCC_WARN_UNDECLARED_SELECTOR = YES;
				GCC_WARN_UNINITIALIZED_AUTOS = YES_AGGRESSIVE;
				GCC_WARN_UNUSED_FUNCTION = YES;
				GCC_WARN_UNUSED_VARIABLE = YES;
				MACOSX_DEPLOYMENT_TARGET = 10.10;
				SDKROOT = macosx;
			};
			name = Release;
		};
		518A019C1ACC24E800C6ED4B /* Debug */ = {
			isa = XCBuildConfiguration;
			buildSettings = {
				PRODUCT_NAME = "$(TARGET_NAME)";
			};
			name = Debug;
		};
		518A019D1ACC24E800C6ED4B /* Release */ = {
			isa = XCBuildConfiguration;
			buildSettings = {
				PRODUCT_NAME = "$(TARGET_NAME)";
			};
			name = Release;
		};
/* End XCBuildConfiguration section */

/* Begin XCConfigurationList section */
		518A018D1ACC24E800C6ED4B /* Build configuration list for PBXProject "UIButton的模拟" */ = {
			isa = XCConfigurationList;
			buildConfigurations = (
				518A01991ACC24E800C6ED4B /* Debug */,
				518A019A1ACC24E800C6ED4B /* Release */,
			);
			defaultConfigurationIsVisible = 0;
			defaultConfigurationName = Release;
		};
		518A019B1ACC24E800C6ED4B /* Build configuration list for PBXNativeTarget "UIButton的模拟" */ = {
			isa = XCConfigurationList;
			buildConfigurations = (
				518A019C1ACC24E800C6ED4B /* Debug */,
				518A019D1ACC24E800C6ED4B /* Release */,
			);
			defaultConfigurationIsVisible = 0;
		};
/* End XCConfigurationList section */
	};
	rootObject = 518A018A1ACC24E800C6ED4B /* Project object */;
}
