// !$*UTF8*$!
{
	archiveVersion = 1;
	classes = {
	};
	objectVersion = 46;
	objects = {

/* Begin PBXBuildFile section */
		515879C91AC197B800A405AE /* main.cpp in Sources */ = {isa = PBXBuildFile; fileRef = 515879C81AC197B800A405AE /* main.cpp */; };
		515879CB1AC197B800A405AE /* _____.1 in CopyFiles */ = {isa = PBXBuildFile; fileRef = 515879CA1AC197B800A405AE /* _____.1 */; };
/* End PBXBuildFile section */

/* Begin PBXCopyFilesBuildPhase section */
		515879C31AC197B800A405AE /* CopyFiles */ = {
			isa = PBXCopyFilesBuildPhase;
			buildActionMask = 2147483647;
			dstPath = /usr/share/man/man1/;
			dstSubfolderSpec = 0;
			files = (
				515879CB1AC197B800A405AE /* _____.1 in CopyFiles */,
			);
			runOnlyForDeploymentPostprocessing = 1;
		};
/* End PBXCopyFilesBuildPhase section */

/* Begin PBXFileReference section */
		515879C51AC197B800A405AE /* 操作运算符 */ = {isa = PBXFileReference; explicitFileType = "compiled.mach-o.executable"; includeInIndex = 0; path = "操作运算符"; sourceTree = BUILT_PRODUCTS_DIR; };
		515879C81AC197B800A405AE /* main.cpp */ = {isa = PBXFileReference; lastKnownFileType = sourcecode.cpp.cpp; path = main.cpp; sourceTree = "<group>"; };
		515879CA1AC197B800A405AE /* _____.1 */ = {isa = PBXFileReference; lastKnownFileType = text.man; path = "_____.1"; sourceTree = "<group>"; };
/* End PBXFileReference section */

/* Begin PBXFrameworksBuildPhase section */
		515879C21AC197B800A405AE /* Frameworks */ = {
			isa = PBXFrameworksBuildPhase;
			buildActionMask = 2147483647;
			files = (
			);
			runOnlyForDeploymentPostprocessing = 0;
		};
/* End PBXFrameworksBuildPhase section */

/* Begin PBXGroup section */
		515879BC1AC197B800A405AE = {
			isa = PBXGroup;
			children = (
				515879C71AC197B800A405AE /* 操作运算符 */,
				515879C61AC197B800A405AE /* Products */,
			);
			sourceTree = "<group>";
		};
		515879C61AC197B800A405AE /* Products */ = {
			isa = PBXGroup;
			children = (
				515879C51AC197B800A405AE /* 操作运算符 */,
			);
			name = Products;
			sourceTree = "<group>";
		};
		515879C71AC197B800A405AE /* 操作运算符 */ = {
			isa = PBXGroup;
			children = (
				515879C81AC197B800A405AE /* main.cpp */,
				515879CA1AC197B800A405AE /* _____.1 */,
			);
			path = "操作运算符";
			sourceTree = "<group>";
		};
/* End PBXGroup section */

/* Begin PBXNativeTarget section */
		515879C41AC197B800A405AE /* 操作运算符 */ = {
			isa = PBXNativeTarget;
			buildConfigurationList = 515879CE1AC197B800A405AE /* Build configuration list for PBXNativeTarget "操作运算符" */;
			buildPhases = (
				515879C11AC197B800A405AE /* Sources */,
				515879C21AC197B800A405AE /* Frameworks */,
				515879C31AC197B800A405AE /* CopyFiles */,
			);
			buildRules = (
			);
			dependencies = (
			);
			name = "操作运算符";
			productName = "操作运算符";
			productReference = 515879C51AC197B800A405AE /* 操作运算符 */;
			productType = "com.apple.product-type.tool";
		};
/* End PBXNativeTarget section */

/* Begin PBXProject section */
		515879BD1AC197B800A405AE /* Project object */ = {
			isa = PBXProject;
			attributes = {
				LastUpgradeCheck = 0510;
				ORGANIZATIONNAME = "C++";
			};
			buildConfigurationList = 515879C01AC197B800A405AE /* Build configuration list for PBXProject "操作运算符" */;
			compatibilityVersion = "Xcode 3.2";
			developmentRegion = English;
			hasScannedForEncodings = 0;
			knownRegions = (
				en,
			);
			mainGroup = 515879BC1AC197B800A405AE;
			productRefGroup = 515879C61AC197B800A405AE /* Products */;
			projectDirPath = "";
			projectRoot = "";
			targets = (
				515879C41AC197B800A405AE /* 操作运算符 */,
			);
		};
/* End PBXProject section */

/* Begin PBXSourcesBuildPhase section */
		515879C11AC197B800A405AE /* Sources */ = {
			isa = PBXSourcesBuildPhase;
			buildActionMask = 2147483647;
			files = (
				515879C91AC197B800A405AE /* main.cpp in Sources */,
			);
			runOnlyForDeploymentPostprocessing = 0;
		};
/* End PBXSourcesBuildPhase section */

/* Begin XCBuildConfiguration section */
		515879CC1AC197B800A405AE /* Debug */ = {
			isa = XCBuildConfiguration;
			buildSettings = {
				ALWAYS_SEARCH_USER_PATHS = NO;
				CLANG_CXX_LANGUAGE_STANDARD = "gnu++0x";
				CLANG_CXX_LIBRARY = "libc++";
				CLANG_ENABLE_MODULES = YES;
				CLANG_ENABLE_OBJC_ARC = YES;
				CLANG_WARN_BOOL_CONVERSION = YES;
				CLANG_WARN_CONSTANT_CONVERSION = YES;
				CLANG_WARN_DIRECT_OBJC_ISA_USAGE = YES_ERROR;
				CLANG_WARN_EMPTY_BODY = YES;
				CLANG_WARN_ENUM_CONVERSION = YES;
				CLANG_WARN_INT_CONVERSION = YES;
				CLANG_WARN_OBJC_ROOT_CLASS = YES_ERROR;
				CLANG_WARN__DUPLICATE_METHOD_MATCH = YES;
				COPY_PHASE_STRIP = NO;
				GCC_C_LANGUAGE_STANDARD = gnu99;
				GCC_DYNAMIC_NO_PIC = NO;
				GCC_ENABLE_OBJC_EXCEPTIONS = YES;
				GCC_OPTIMIZATION_LEVEL = 0;
				GCC_PREPROCESSOR_DEFINITIONS = (
					"DEBUG=1",
					"$(inherited)",
				);
				GCC_SYMBOLS_PRIVATE_EXTERN = NO;
				GCC_WARN_64_TO_32_BIT_CONVERSION = YES;
				GCC_WARN_ABOUT_RETURN_TYPE = YES_ERROR;
				GCC_WARN_UNDECLARED_SELECTOR = YES;
				GCC_WARN_UNINITIALIZED_AUTOS = YES_AGGRESSIVE;
				GCC_WARN_UNUSED_FUNCTION = YES;
				GCC_WARN_UNUSED_VARIABLE = YES;
				MACOSX_DEPLOYMENT_TARGET = 10.10;
				ONLY_ACTIVE_ARCH = YES;
				SDKROOT = macosx;
			};
			name = Debug;
		};
		515879CD1AC197B800A405AE /* Release */ = {
			isa = XCBuildConfiguration;
			buildSettings = {
				ALWAYS_SEARCH_USER_PATHS = NO;
				CLANG_CXX_LANGUAGE_STANDARD = "gnu++0x";
				CLANG_CXX_LIBRARY = "libc++";
				CLANG_ENABLE_MODULES = YES;
				CLANG_ENABLE_OBJC_ARC = YES;
				CLANG_WARN_BOOL_CONVERSION = YES;
				CLANG_WARN_CONSTANT_CONVERSION = YES;
				CLANG_WARN_DIRECT_OBJC_ISA_USAGE = YES_ERROR;
				CLANG_WARN_EMPTY_BODY = YES;
				CLANG_WARN_ENUM_CONVERSION = YES;
				CLANG_WARN_INT_CONVERSION = YES;
				CLANG_WARN_OBJC_ROOT_CLASS = YES_ERROR;
				CLANG_WARN__DUPLICATE_METHOD_MATCH = YES;
				COPY_PHASE_STRIP = YES;
				DEBUG_INFORMATION_FORMAT = "dwarf-with-dsym";
				ENABLE_NS_ASSERTIONS = NO;
				GCC_C_LANGUAGE_STANDARD = gnu99;
				GCC_ENABLE_OBJC_EXCEPTIONS = YES;
				GCC_WARN_64_TO_32_BIT_CONVERSION = YES;
				GCC_WARN_ABOUT_RETURN_TYPE = YES_ERROR;
				GCC_WARN_UNDECLARED_SELECTOR = YES;
				GCC_WARN_UNINITIALIZED_AUTOS = YES_AGGRESSIVE;
				GCC_WARN_UNUSED_FUNCTION = YES;
				GCC_WARN_UNUSED_VARIABLE = YES;
				MACOSX_DEPLOYMENT_TARGET = 10.10;
				SDKROOT = macosx;
			};
			name = Release;
		};
		515879CF1AC197B800A405AE /* Debug */ = {
			isa = XCBuildConfiguration;
			buildSettings = {
				PRODUCT_NAME = "$(TARGET_NAME)";
			};
			name = Debug;
		};
		515879D01AC197B800A405AE /* Release */ = {
			isa = XCBuildConfiguration;
			buildSettings = {
				PRODUCT_NAME = "$(TARGET_NAME)";
			};
			name = Release;
		};
/* End XCBuildConfiguration section */

/* Begin XCConfigurationList section */
		515879C01AC197B800A405AE /* Build configuration list for PBXProject "操作运算符" */ = {
			isa = XCConfigurationList;
			buildConfigurations = (
				515879CC1AC197B800A405AE /* Debug */,
				515879CD1AC197B800A405AE /* Release */,
			);
			defaultConfigurationIsVisible = 0;
			defaultConfigurationName = Release;
		};
		515879CE1AC197B800A405AE /* Build configuration list for PBXNativeTarget "操作运算符" */ = {
			isa = XCConfigurationList;
			buildConfigurations = (
				515879CF1AC197B800A405AE /* Debug */,
				515879D01AC197B800A405AE /* Release */,
			);
			defaultConfigurationIsVisible = 0;
		};
/* End XCConfigurationList section */
	};
	rootObject = 515879BD1AC197B800A405AE /* Project object */;
}
