// !$*UTF8*$!
{
	archiveVersion = 1;
	classes = {
	};
	objectVersion = 46;
	objects = {

/* Begin PBXBuildFile section */
		AEE986AA1AC23E9300596898 /* main.cpp in Sources */ = {isa = PBXBuildFile; fileRef = AEE986A91AC23E9300596898 /* main.cpp */; };
/* End PBXBuildFile section */

/* Begin PBXCopyFilesBuildPhase section */
		AEE986A41AC23E9300596898 /* CopyFiles */ = {
			isa = PBXCopyFilesBuildPhase;
			buildActionMask = 2147483647;
			dstPath = /usr/share/man/man1/;
			dstSubfolderSpec = 0;
			files = (
			);
			runOnlyForDeploymentPostprocessing = 1;
		};
/* End PBXCopyFilesBuildPhase section */

/* Begin PBXFileReference section */
		AEE986A61AC23E9300596898 /* cppEx */ = {isa = PBXFileReference; explicitFileType = "compiled.mach-o.executable"; includeInIndex = 0; path = cppEx; sourceTree = BUILT_PRODUCTS_DIR; };
		AEE986A91AC23E9300596898 /* main.cpp */ = {isa = PBXFileReference; lastKnownFileType = sourcecode.cpp.cpp; path = main.cpp; sourceTree = "<group>"; };
		AEE986B01AC23EAA00596898 /* Cast.cpp */ = {isa = PBXFileReference; fileEncoding = 4; lastKnownFileType = sourcecode.cpp.cpp; path = Cast.cpp; sourceTree = "<group>"; };
		AEE986B11AC23EAA00596898 /* Inheritance.cpp */ = {isa = PBXFileReference; fileEncoding = 4; lastKnownFileType = sourcecode.cpp.cpp; path = Inheritance.cpp; sourceTree = "<group>"; };
		AEE986B21AC23EAA00596898 /* Inheritance2.cpp */ = {isa = PBXFileReference; fileEncoding = 4; lastKnownFileType = sourcecode.cpp.cpp; path = Inheritance2.cpp; sourceTree = "<group>"; };
		AEE986B31AC23EAA00596898 /* memberptr.cpp */ = {isa = PBXFileReference; fileEncoding = 4; lastKnownFileType = sourcecode.cpp.cpp; path = memberptr.cpp; sourceTree = "<group>"; };
		AEE986B41AC23EAA00596898 /* memberptr2.cpp */ = {isa = PBXFileReference; fileEncoding = 4; lastKnownFileType = sourcecode.cpp.cpp; path = memberptr2.cpp; sourceTree = "<group>"; };
		AEE986B51AC23EAA00596898 /* Operation.cpp */ = {isa = PBXFileReference; fileEncoding = 4; lastKnownFileType = sourcecode.cpp.cpp; path = Operation.cpp; sourceTree = "<group>"; };
		AEE986B61AC23EAA00596898 /* Poly.cpp */ = {isa = PBXFileReference; fileEncoding = 4; lastKnownFileType = sourcecode.cpp.cpp; path = Poly.cpp; sourceTree = "<group>"; };
		AEE986B71AC23EAA00596898 /* Poly2.cpp */ = {isa = PBXFileReference; fileEncoding = 4; lastKnownFileType = sourcecode.cpp.cpp; path = Poly2.cpp; sourceTree = "<group>"; };
		AEE986B81AC23EAA00596898 /* this.cpp */ = {isa = PBXFileReference; fileEncoding = 4; lastKnownFileType = sourcecode.cpp.cpp; path = this.cpp; sourceTree = "<group>"; };
/* End PBXFileReference section */

/* Begin PBXFrameworksBuildPhase section */
		AEE986A31AC23E9300596898 /* Frameworks */ = {
			isa = PBXFrameworksBuildPhase;
			buildActionMask = 2147483647;
			files = (
			);
			runOnlyForDeploymentPostprocessing = 0;
		};
/* End PBXFrameworksBuildPhase section */

/* Begin PBXGroup section */
		AEE9869D1AC23E9300596898 = {
			isa = PBXGroup;
			children = (
				AEE986A81AC23E9300596898 /* cppEx */,
				AEE986A71AC23E9300596898 /* Products */,
			);
			sourceTree = "<group>";
		};
		AEE986A71AC23E9300596898 /* Products */ = {
			isa = PBXGroup;
			children = (
				AEE986A61AC23E9300596898 /* cppEx */,
			);
			name = Products;
			sourceTree = "<group>";
		};
		AEE986A81AC23E9300596898 /* cppEx */ = {
			isa = PBXGroup;
			children = (
				AEE986B01AC23EAA00596898 /* Cast.cpp */,
				AEE986B11AC23EAA00596898 /* Inheritance.cpp */,
				AEE986B21AC23EAA00596898 /* Inheritance2.cpp */,
				AEE986B31AC23EAA00596898 /* memberptr.cpp */,
				AEE986B41AC23EAA00596898 /* memberptr2.cpp */,
				AEE986B51AC23EAA00596898 /* Operation.cpp */,
				AEE986B61AC23EAA00596898 /* Poly.cpp */,
				AEE986B71AC23EAA00596898 /* Poly2.cpp */,
				AEE986B81AC23EAA00596898 /* this.cpp */,
				AEE986A91AC23E9300596898 /* main.cpp */,
			);
			path = cppEx;
			sourceTree = "<group>";
		};
/* End PBXGroup section */

/* Begin PBXNativeTarget section */
		AEE986A51AC23E9300596898 /* cppEx */ = {
			isa = PBXNativeTarget;
			buildConfigurationList = AEE986AD1AC23E9300596898 /* Build configuration list for PBXNativeTarget "cppEx" */;
			buildPhases = (
				AEE986A21AC23E9300596898 /* Sources */,
				AEE986A31AC23E9300596898 /* Frameworks */,
				AEE986A41AC23E9300596898 /* CopyFiles */,
			);
			buildRules = (
			);
			dependencies = (
			);
			name = cppEx;
			productName = cppEx;
			productReference = AEE986A61AC23E9300596898 /* cppEx */;
			productType = "com.apple.product-type.tool";
		};
/* End PBXNativeTarget section */

/* Begin PBXProject section */
		AEE9869E1AC23E9300596898 /* Project object */ = {
			isa = PBXProject;
			attributes = {
				LastUpgradeCheck = 0620;
				ORGANIZATIONNAME = "软件开发";
				TargetAttributes = {
					AEE986A51AC23E9300596898 = {
						CreatedOnToolsVersion = 6.2;
					};
				};
			};
			buildConfigurationList = AEE986A11AC23E9300596898 /* Build configuration list for PBXProject "cppEx" */;
			compatibilityVersion = "Xcode 3.2";
			developmentRegion = English;
			hasScannedForEncodings = 0;
			knownRegions = (
				en,
			);
			mainGroup = AEE9869D1AC23E9300596898;
			productRefGroup = AEE986A71AC23E9300596898 /* Products */;
			projectDirPath = "";
			projectRoot = "";
			targets = (
				AEE986A51AC23E9300596898 /* cppEx */,
			);
		};
/* End PBXProject section */

/* Begin PBXSourcesBuildPhase section */
		AEE986A21AC23E9300596898 /* Sources */ = {
			isa = PBXSourcesBuildPhase;
			buildActionMask = 2147483647;
			files = (
				AEE986AA1AC23E9300596898 /* main.cpp in Sources */,
			);
			runOnlyForDeploymentPostprocessing = 0;
		};
/* End PBXSourcesBuildPhase section */

/* Begin XCBuildConfiguration section */
		AEE986AB1AC23E9300596898 /* Debug */ = {
			isa = XCBuildConfiguration;
			buildSettings = {
				ALWAYS_SEARCH_USER_PATHS = NO;
				CLANG_CXX_LANGUAGE_STANDARD = "gnu++0x";
				CLANG_CXX_LIBRARY = "libc++";
				CLANG_ENABLE_MODULES = YES;
				CLANG_ENABLE_OBJC_ARC = YES;
				CLANG_WARN_BOOL_CONVERSION = YES;
				CLANG_WARN_CONSTANT_CONVERSION = YES;
				CLANG_WARN_DIRECT_OBJC_ISA_USAGE = YES_ERROR;
				CLANG_WARN_EMPTY_BODY = YES;
				CLANG_WARN_ENUM_CONVERSION = YES;
				CLANG_WARN_INT_CONVERSION = YES;
				CLANG_WARN_OBJC_ROOT_CLASS = YES_ERROR;
				CLANG_WARN_UNREACHABLE_CODE = YES;
				CLANG_WARN__DUPLICATE_METHOD_MATCH = YES;
				COPY_PHASE_STRIP = NO;
				ENABLE_STRICT_OBJC_MSGSEND = YES;
				GCC_C_LANGUAGE_STANDARD = gnu99;
				GCC_DYNAMIC_NO_PIC = NO;
				GCC_OPTIMIZATION_LEVEL = 0;
				GCC_PREPROCESSOR_DEFINITIONS = (
					"DEBUG=1",
					"$(inherited)",
				);
				GCC_SYMBOLS_PRIVATE_EXTERN = NO;
				GCC_WARN_64_TO_32_BIT_CONVERSION = YES;
				GCC_WARN_ABOUT_RETURN_TYPE = YES_ERROR;
				GCC_WARN_UNDECLARED_SELECTOR = YES;
				GCC_WARN_UNINITIALIZED_AUTOS = YES_AGGRESSIVE;
				GCC_WARN_UNUSED_FUNCTION = YES;
				GCC_WARN_UNUSED_VARIABLE = YES;
				MACOSX_DEPLOYMENT_TARGET = 10.10;
				MTL_ENABLE_DEBUG_INFO = YES;
				ONLY_ACTIVE_ARCH = YES;
				SDKROOT = macosx;
			};
			name = Debug;
		};
		AEE986AC1AC23E9300596898 /* Release */ = {
			isa = XCBuildConfiguration;
			buildSettings = {
				ALWAYS_SEARCH_USER_PATHS = NO;
				CLANG_CXX_LANGUAGE_STANDARD = "gnu++0x";
				CLANG_CXX_LIBRARY = "libc++";
				CLANG_ENABLE_MODULES = YES;
				CLANG_ENABLE_OBJC_ARC = YES;
				CLANG_WARN_BOOL_CONVERSION = YES;
				CLANG_WARN_CONSTANT_CONVERSION = YES;
				CLANG_WARN_DIRECT_OBJC_ISA_USAGE = YES_ERROR;
				CLANG_WARN_EMPTY_BODY = YES;
				CLANG_WARN_ENUM_CONVERSION = YES;
				CLANG_WARN_INT_CONVERSION = YES;
				CLANG_WARN_OBJC_ROOT_CLASS = YES_ERROR;
				CLANG_WARN_UNREACHABLE_CODE = YES;
				CLANG_WARN__DUPLICATE_METHOD_MATCH = YES;
				COPY_PHASE_STRIP = NO;
				DEBUG_INFORMATION_FORMAT = "dwarf-with-dsym";
				ENABLE_NS_ASSERTIONS = NO;
				ENABLE_STRICT_OBJC_MSGSEND = YES;
				GCC_C_LANGUAGE_STANDARD = gnu99;
				GCC_WARN_64_TO_32_BIT_CONVERSION = YES;
				GCC_WARN_ABOUT_RETURN_TYPE = YES_ERROR;
				GCC_WARN_UNDECLARED_SELECTOR = YES;
				GCC_WARN_UNINITIALIZED_AUTOS = YES_AGGRESSIVE;
				GCC_WARN_UNUSED_FUNCTION = YES;
				GCC_WARN_UNUSED_VARIABLE = YES;
				MACOSX_DEPLOYMENT_TARGET = 10.10;
				MTL_ENABLE_DEBUG_INFO = NO;
				SDKROOT = macosx;
			};
			name = Release;
		};
		AEE986AE1AC23E9300596898 /* Debug */ = {
			isa = XCBuildConfiguration;
			buildSettings = {
				PRODUCT_NAME = "$(TARGET_NAME)";
			};
			name = Debug;
		};
		AEE986AF1AC23E9300596898 /* Release */ = {
			isa = XCBuildConfiguration;
			buildSettings = {
				PRODUCT_NAME = "$(TARGET_NAME)";
			};
			name = Release;
		};
/* End XCBuildConfiguration section */

/* Begin XCConfigurationList section */
		AEE986A11AC23E9300596898 /* Build configuration list for PBXProject "cppEx" */ = {
			isa = XCConfigurationList;
			buildConfigurations = (
				AEE986AB1AC23E9300596898 /* Debug */,
				AEE986AC1AC23E9300596898 /* Release */,
			);
			defaultConfigurationIsVisible = 0;
			defaultConfigurationName = Release;
		};
		AEE986AD1AC23E9300596898 /* Build configuration list for PBXNativeTarget "cppEx" */ = {
			isa = XCConfigurationList;
			buildConfigurations = (
				AEE986AE1AC23E9300596898 /* Debug */,
				AEE986AF1AC23E9300596898 /* Release */,
			);
			defaultConfigurationIsVisible = 0;
		};
/* End XCConfigurationList section */
	};
	rootObject = AEE9869E1AC23E9300596898 /* Project object */;
}
