// !$*UTF8*$!
{
	archiveVersion = 1;
	classes = {
	};
	objectVersion = 46;
	objects = {

/* Begin PBXBuildFile section */
		AE72544C1ABBE52100586B6A /* memberptr2.cpp in Sources */ = {isa = PBXBuildFile; fileRef = AE7254481ABBE52100586B6A /* memberptr2.cpp */; };
/* End PBXBuildFile section */

/* Begin PBXCopyFilesBuildPhase section */
		AE72543A1ABBE4F600586B6A /* CopyFiles */ = {
			isa = PBXCopyFilesBuildPhase;
			buildActionMask = 2147483647;
			dstPath = /usr/share/man/man1/;
			dstSubfolderSpec = 0;
			files = (
			);
			runOnlyForDeploymentPostprocessing = 1;
		};
/* End PBXCopyFilesBuildPhase section */

/* Begin PBXFileReference section */
		AE72543C1ABBE4F600586B6A /* 教师项目 */ = {isa = PBXFileReference; explicitFileType = "compiled.mach-o.executable"; includeInIndex = 0; path = "教师项目"; sourceTree = BUILT_PRODUCTS_DIR; };
		AE7254471ABBE52100586B6A /* memberptr.cpp */ = {isa = PBXFileReference; fileEncoding = 4; lastKnownFileType = sourcecode.cpp.cpp; path = memberptr.cpp; sourceTree = "<group>"; };
		AE7254481ABBE52100586B6A /* memberptr2.cpp */ = {isa = PBXFileReference; fileEncoding = 4; lastKnownFileType = sourcecode.cpp.cpp; path = memberptr2.cpp; sourceTree = "<group>"; };
		AE7254491ABBE52100586B6A /* this.cpp */ = {isa = PBXFileReference; fileEncoding = 4; lastKnownFileType = sourcecode.cpp.cpp; path = this.cpp; sourceTree = "<group>"; };
/* End PBXFileReference section */

/* Begin PBXFrameworksBuildPhase section */
		AE7254391ABBE4F600586B6A /* Frameworks */ = {
			isa = PBXFrameworksBuildPhase;
			buildActionMask = 2147483647;
			files = (
			);
			runOnlyForDeploymentPostprocessing = 0;
		};
/* End PBXFrameworksBuildPhase section */

/* Begin PBXGroup section */
		AE7254331ABBE4F600586B6A = {
			isa = PBXGroup;
			children = (
				AE72543E1ABBE4F600586B6A /* 教师项目 */,
				AE72543D1ABBE4F600586B6A /* Products */,
			);
			sourceTree = "<group>";
		};
		AE72543D1ABBE4F600586B6A /* Products */ = {
			isa = PBXGroup;
			children = (
				AE72543C1ABBE4F600586B6A /* 教师项目 */,
			);
			name = Products;
			sourceTree = "<group>";
		};
		AE72543E1ABBE4F600586B6A /* 教师项目 */ = {
			isa = PBXGroup;
			children = (
				AE7254471ABBE52100586B6A /* memberptr.cpp */,
				AE7254481ABBE52100586B6A /* memberptr2.cpp */,
				AE7254491ABBE52100586B6A /* this.cpp */,
			);
			path = "教师项目";
			sourceTree = "<group>";
		};
/* End PBXGroup section */

/* Begin PBXNativeTarget section */
		AE72543B1ABBE4F600586B6A /* 教师项目 */ = {
			isa = PBXNativeTarget;
			buildConfigurationList = AE7254431ABBE4F600586B6A /* Build configuration list for PBXNativeTarget "教师项目" */;
			buildPhases = (
				AE7254381ABBE4F600586B6A /* Sources */,
				AE7254391ABBE4F600586B6A /* Frameworks */,
				AE72543A1ABBE4F600586B6A /* CopyFiles */,
			);
			buildRules = (
			);
			dependencies = (
			);
			name = "教师项目";
			productName = "教师项目";
			productReference = AE72543C1ABBE4F600586B6A /* 教师项目 */;
			productType = "com.apple.product-type.tool";
		};
/* End PBXNativeTarget section */

/* Begin PBXProject section */
		AE7254341ABBE4F600586B6A /* Project object */ = {
			isa = PBXProject;
			attributes = {
				LastUpgradeCheck = 0620;
				ORGANIZATIONNAME = "软件开发";
				TargetAttributes = {
					AE72543B1ABBE4F600586B6A = {
						CreatedOnToolsVersion = 6.2;
					};
				};
			};
			buildConfigurationList = AE7254371ABBE4F600586B6A /* Build configuration list for PBXProject "教师项目" */;
			compatibilityVersion = "Xcode 3.2";
			developmentRegion = English;
			hasScannedForEncodings = 0;
			knownRegions = (
				en,
			);
			mainGroup = AE7254331ABBE4F600586B6A;
			productRefGroup = AE72543D1ABBE4F600586B6A /* Products */;
			projectDirPath = "";
			projectRoot = "";
			targets = (
				AE72543B1ABBE4F600586B6A /* 教师项目 */,
			);
		};
/* End PBXProject section */

/* Begin PBXSourcesBuildPhase section */
		AE7254381ABBE4F600586B6A /* Sources */ = {
			isa = PBXSourcesBuildPhase;
			buildActionMask = 2147483647;
			files = (
				AE72544C1ABBE52100586B6A /* memberptr2.cpp in Sources */,
			);
			runOnlyForDeploymentPostprocessing = 0;
		};
/* End PBXSourcesBuildPhase section */

/* Begin XCBuildConfiguration section */
		AE7254411ABBE4F600586B6A /* Debug */ = {
			isa = XCBuildConfiguration;
			buildSettings = {
				ALWAYS_SEARCH_USER_PATHS = NO;
				CLANG_CXX_LANGUAGE_STANDARD = "gnu++0x";
				CLANG_CXX_LIBRARY = "libc++";
				CLANG_ENABLE_MODULES = YES;
				CLANG_ENABLE_OBJC_ARC = YES;
				CLANG_WARN_BOOL_CONVERSION = YES;
				CLANG_WARN_CONSTANT_CONVERSION = YES;
				CLANG_WARN_DIRECT_OBJC_ISA_USAGE = YES_ERROR;
				CLANG_WARN_EMPTY_BODY = YES;
				CLANG_WARN_ENUM_CONVERSION = YES;
				CLANG_WARN_INT_CONVERSION = YES;
				CLANG_WARN_OBJC_ROOT_CLASS = YES_ERROR;
				CLANG_WARN_UNREACHABLE_CODE = YES;
				CLANG_WARN__DUPLICATE_METHOD_MATCH = YES;
				COPY_PHASE_STRIP = NO;
				ENABLE_STRICT_OBJC_MSGSEND = YES;
				GCC_C_LANGUAGE_STANDARD = gnu99;
				GCC_DYNAMIC_NO_PIC = NO;
				GCC_OPTIMIZATION_LEVEL = 0;
				GCC_PREPROCESSOR_DEFINITIONS = (
					"DEBUG=1",
					"$(inherited)",
				);
				GCC_SYMBOLS_PRIVATE_EXTERN = NO;
				GCC_WARN_64_TO_32_BIT_CONVERSION = YES;
				GCC_WARN_ABOUT_RETURN_TYPE = YES_ERROR;
				GCC_WARN_UNDECLARED_SELECTOR = YES;
				GCC_WARN_UNINITIALIZED_AUTOS = YES_AGGRESSIVE;
				GCC_WARN_UNUSED_FUNCTION = YES;
				GCC_WARN_UNUSED_VARIABLE = YES;
				MACOSX_DEPLOYMENT_TARGET = 10.10;
				MTL_ENABLE_DEBUG_INFO = YES;
				ONLY_ACTIVE_ARCH = YES;
				SDKROOT = macosx;
			};
			name = Debug;
		};
		AE7254421ABBE4F600586B6A /* Release */ = {
			isa = XCBuildConfiguration;
			buildSettings = {
				ALWAYS_SEARCH_USER_PATHS = NO;
				CLANG_CXX_LANGUAGE_STANDARD = "gnu++0x";
				CLANG_CXX_LIBRARY = "libc++";
				CLANG_ENABLE_MODULES = YES;
				CLANG_ENABLE_OBJC_ARC = YES;
				CLANG_WARN_BOOL_CONVERSION = YES;
				CLANG_WARN_CONSTANT_CONVERSION = YES;
				CLANG_WARN_DIRECT_OBJC_ISA_USAGE = YES_ERROR;
				CLANG_WARN_EMPTY_BODY = YES;
				CLANG_WARN_ENUM_CONVERSION = YES;
				CLANG_WARN_INT_CONVERSION = YES;
				CLANG_WARN_OBJC_ROOT_CLASS = YES_ERROR;
				CLANG_WARN_UNREACHABLE_CODE = YES;
				CLANG_WARN__DUPLICATE_METHOD_MATCH = YES;
				COPY_PHASE_STRIP = NO;
				DEBUG_INFORMATION_FORMAT = "dwarf-with-dsym";
				ENABLE_NS_ASSERTIONS = NO;
				ENABLE_STRICT_OBJC_MSGSEND = YES;
				GCC_C_LANGUAGE_STANDARD = gnu99;
				GCC_WARN_64_TO_32_BIT_CONVERSION = YES;
				GCC_WARN_ABOUT_RETURN_TYPE = YES_ERROR;
				GCC_WARN_UNDECLARED_SELECTOR = YES;
				GCC_WARN_UNINITIALIZED_AUTOS = YES_AGGRESSIVE;
				GCC_WARN_UNUSED_FUNCTION = YES;
				GCC_WARN_UNUSED_VARIABLE = YES;
				MACOSX_DEPLOYMENT_TARGET = 10.10;
				MTL_ENABLE_DEBUG_INFO = NO;
				SDKROOT = macosx;
			};
			name = Release;
		};
		AE7254441ABBE4F600586B6A /* Debug */ = {
			isa = XCBuildConfiguration;
			buildSettings = {
				PRODUCT_NAME = "$(TARGET_NAME)";
			};
			name = Debug;
		};
		AE7254451ABBE4F600586B6A /* Release */ = {
			isa = XCBuildConfiguration;
			buildSettings = {
				PRODUCT_NAME = "$(TARGET_NAME)";
			};
			name = Release;
		};
/* End XCBuildConfiguration section */

/* Begin XCConfigurationList section */
		AE7254371ABBE4F600586B6A /* Build configuration list for PBXProject "教师项目" */ = {
			isa = XCConfigurationList;
			buildConfigurations = (
				AE7254411ABBE4F600586B6A /* Debug */,
				AE7254421ABBE4F600586B6A /* Release */,
			);
			defaultConfigurationIsVisible = 0;
			defaultConfigurationName = Release;
		};
		AE7254431ABBE4F600586B6A /* Build configuration list for PBXNativeTarget "教师项目" */ = {
			isa = XCConfigurationList;
			buildConfigurations = (
				AE7254441ABBE4F600586B6A /* Debug */,
				AE7254451ABBE4F600586B6A /* Release */,
			);
			defaultConfigurationIsVisible = 0;
			defaultConfigurationName = Release;
		};
/* End XCConfigurationList section */
	};
	rootObject = AE7254341ABBE4F600586B6A /* Project object */;
}
